
Microsoft Visual Studio Solution File, Format Version 12.00
# Visual Studio Version 16
VisualStudioVersion = 16.0.30011.22
MinimumVisualStudioVersion = 10.0.40219.1
Project("{FAE04EC0-301F-11D3-BF4B-00C04F79EFBC}") = "CheckADGroups", "CheckADGroups\CheckADGroups.csproj", "{7B5135D4-6C5B-48A4-A9C2-EAD6F46EC989}"
EndProject
Project("{2150E333-8FDC-42A3-9474-1A3956D46DE8}") = "Tests", "Tests", "{BD2EA215-BF0E-4083-8B43-DED89B3E0E46}"
EndProject
Project("{FAE04EC0-301F-11D3-BF4B-00C04F79EFBC}") = "CheckADGroups.UnitTests", "CheckADGroups.UnitTests\CheckADGroups.UnitTests.csproj", "{DCB3475B-3FFD-4375-BFD0-1308474DB0B8}"
EndProject
Global
	GlobalSection(SolutionConfigurationPlatforms) = preSolution
		Debug|Any CPU = Debug|Any CPU
		Release|Any CPU = Release|Any CPU
	EndGlobalSection
	GlobalSection(ProjectConfigurationPlatforms) = postSolution
		{7B5135D4-6C5B-48A4-A9C2-EAD6F46EC989}.Debug|Any CPU.ActiveCfg = Debug|Any CPU
		{7B5135D4-6C5B-48A4-A9C2-EAD6F46EC989}.Debug|Any CPU.Build.0 = Debug|Any CPU
		{7B5135D4-6C5B-48A4-A9C2-EAD6F46EC989}.Release|Any CPU.ActiveCfg = Release|Any CPU
		{7B5135D4-6C5B-48A4-A9C2-EAD6F46EC989}.Release|Any CPU.Build.0 = Release|Any CPU
		{DCB3475B-3FFD-4375-BFD0-1308474DB0B8}.Debug|Any CPU.ActiveCfg = Debug|Any CPU
		{DCB3475B-3FFD-4375-BFD0-1308474DB0B8}.Debug|Any CPU.Build.0 = Debug|Any CPU
		{DCB3475B-3FFD-4375-BFD0-1308474DB0B8}.Release|Any CPU.ActiveCfg = Release|Any CPU
		{DCB3475B-3FFD-4375-BFD0-1308474DB0B8}.Release|Any CPU.Build.0 = Release|Any CPU
	EndGlobalSection
	GlobalSection(SolutionProperties) = preSolution
		HideSolutionNode = FALSE
	EndGlobalSection
	GlobalSection(NestedProjects) = preSolution
		{DCB3475B-3FFD-4375-BFD0-1308474DB0B8} = {BD2EA215-BF0E-4083-8B43-DED89B3E0E46}
	EndGlobalSection
	GlobalSection(ExtensibilityGlobals) = postSolution
		SolutionGuid = {4E1D633C-61A5-4445-B393-395AC3A02D45}
	EndGlobalSection
EndGlobal
